{
    "name": "SSDoddle",
    "version": "1.0.0",
    "lockfileVersion": 1,
    "requires": true,
    "dependencies": {
        "octopus": {
            "version": "git+https://github.com/PrivateSky/octopus.git#136da1e450b8157f51e0c960dfbc17108b22ff55",
            "from": "git+https://github.com/PrivateSky/octopus.git#1.0"
        }
    }
}
